
Microsoft Visual Studio Solution File, Format Version 12.00
# Visual Studio Version 17
VisualStudioVersion = 17.12.35527.113
MinimumVisualStudioVersion = 10.0.40219.1
Project("{FAE04EC0-301F-11D3-BF4B-00C04F79EFBC}") = "Tickblaze.Scripts.Arc", "Tickblaze.Scripts.Arc\Tickblaze.Scripts.Arc.csproj", "{0E2EB497-B210-46F9-B0E0-A94EE5195DA0}"
EndProject
Project("{FAE04EC0-301F-11D3-BF4B-00C04F79EFBC}") = "Tickblaze.Scripts.Arc.Source", "Tickblaze.Scripts.Arc.Source\Tickblaze.Scripts.Arc.Source.csproj", "{71CCDB83-1D9C-46E0-81BE-E16F5739D177}"
EndProject
Project("{2150E333-8FDC-42A3-9474-1A3956D46DE8}") = "Solution Items", "Solution Items", "{BA8495CF-8452-4A12-8DB2-DDBED37B7BB6}"
	ProjectSection(SolutionItems) = preProject
		.editorconfig = .editorconfig
	EndProjectSection
EndProject
Project("{FAE04EC0-301F-11D3-BF4B-00C04F79EFBC}") = "Tickblaze.Scripts.Arc.Domain", "Tickblaze.Scripts.Arc.Domain\Tickblaze.Scripts.Arc.Domain.csproj", "{C7AE89DD-CF6C-40BB-A9C2-0754109021EF}"
EndProject
Project("{FAE04EC0-301F-11D3-BF4B-00C04F79EFBC}") = "Tickblaze.Scripts.Arc.Presentation", "Tickblaze.Scripts.Arc.Presentation\Tickblaze.Scripts.Arc.Presentation.csproj", "{A4691D35-D455-466B-8F80-AFC64AD0BB3E}"
EndProject
Global
	GlobalSection(SolutionConfigurationPlatforms) = preSolution
		Debug|Any CPU = Debug|Any CPU
		Release|Any CPU = Release|Any CPU
	EndGlobalSection
	GlobalSection(ProjectConfigurationPlatforms) = postSolution
		{0E2EB497-B210-46F9-B0E0-A94EE5195DA0}.Debug|Any CPU.ActiveCfg = Debug|Any CPU
		{0E2EB497-B210-46F9-B0E0-A94EE5195DA0}.Debug|Any CPU.Build.0 = Debug|Any CPU
		{0E2EB497-B210-46F9-B0E0-A94EE5195DA0}.Release|Any CPU.ActiveCfg = Release|Any CPU
		{0E2EB497-B210-46F9-B0E0-A94EE5195DA0}.Release|Any CPU.Build.0 = Release|Any CPU
		{71CCDB83-1D9C-46E0-81BE-E16F5739D177}.Debug|Any CPU.ActiveCfg = Debug|Any CPU
		{71CCDB83-1D9C-46E0-81BE-E16F5739D177}.Debug|Any CPU.Build.0 = Debug|Any CPU
		{71CCDB83-1D9C-46E0-81BE-E16F5739D177}.Release|Any CPU.ActiveCfg = Release|Any CPU
		{71CCDB83-1D9C-46E0-81BE-E16F5739D177}.Release|Any CPU.Build.0 = Release|Any CPU
		{C7AE89DD-CF6C-40BB-A9C2-0754109021EF}.Debug|Any CPU.ActiveCfg = Debug|Any CPU
		{C7AE89DD-CF6C-40BB-A9C2-0754109021EF}.Debug|Any CPU.Build.0 = Debug|Any CPU
		{C7AE89DD-CF6C-40BB-A9C2-0754109021EF}.Release|Any CPU.ActiveCfg = Release|Any CPU
		{C7AE89DD-CF6C-40BB-A9C2-0754109021EF}.Release|Any CPU.Build.0 = Release|Any CPU
		{A4691D35-D455-466B-8F80-AFC64AD0BB3E}.Debug|Any CPU.ActiveCfg = Debug|Any CPU
		{A4691D35-D455-466B-8F80-AFC64AD0BB3E}.Debug|Any CPU.Build.0 = Debug|Any CPU
		{A4691D35-D455-466B-8F80-AFC64AD0BB3E}.Release|Any CPU.ActiveCfg = Release|Any CPU
		{A4691D35-D455-466B-8F80-AFC64AD0BB3E}.Release|Any CPU.Build.0 = Release|Any CPU
	EndGlobalSection
	GlobalSection(SolutionProperties) = preSolution
		HideSolutionNode = FALSE
	EndGlobalSection
EndGlobal
