
Microsoft Visual Studio Solution File, Format Version 12.00
# Visual Studio Version 17
VisualStudioVersion = 17.12.35527.113
MinimumVisualStudioVersion = 10.0.40219.1
Project("{FAE04EC0-301F-11D3-BF4B-00C04F79EFBC}") = "Tickblaze.Scripts.Arc", "Tickblaze.Scripts.Arc\Tickblaze.Scripts.Arc.csproj", "{0E2EB497-B210-46F9-B0E0-A94EE5195DA0}"
EndProject
Project("{FAE04EC0-301F-11D3-BF4B-00C04F79EFBC}") = "Tickblaze.Scripts.Arc.Source", "Tickblaze.Scripts.Arc.Source\Tickblaze.Scripts.Arc.Source.csproj", "{71CCDB83-1D9C-46E0-81BE-E16F5739D177}"
EndProject
Global
	GlobalSection(SolutionConfigurationPlatforms) = preSolution
		Debug|Any CPU = Debug|Any CPU
		Release|Any CPU = Release|Any CPU
	EndGlobalSection
	GlobalSection(ProjectConfigurationPlatforms) = postSolution
		{0E2EB497-B210-46F9-B0E0-A94EE5195DA0}.Debug|Any CPU.ActiveCfg = Debug|Any CPU
		{0E2EB497-B210-46F9-B0E0-A94EE5195DA0}.Debug|Any CPU.Build.0 = Debug|Any CPU
		{0E2EB497-B210-46F9-B0E0-A94EE5195DA0}.Release|Any CPU.ActiveCfg = Release|Any CPU
		{0E2EB497-B210-46F9-B0E0-A94EE5195DA0}.Release|Any CPU.Build.0 = Release|Any CPU
		{71CCDB83-1D9C-46E0-81BE-E16F5739D177}.Debug|Any CPU.ActiveCfg = Debug|Any CPU
		{71CCDB83-1D9C-46E0-81BE-E16F5739D177}.Debug|Any CPU.Build.0 = Debug|Any CPU
		{71CCDB83-1D9C-46E0-81BE-E16F5739D177}.Release|Any CPU.ActiveCfg = Release|Any CPU
		{71CCDB83-1D9C-46E0-81BE-E16F5739D177}.Release|Any CPU.Build.0 = Release|Any CPU
	EndGlobalSection
	GlobalSection(SolutionProperties) = preSolution
		HideSolutionNode = FALSE
	EndGlobalSection
EndGlobal
