
Microsoft Visual Studio Solution File, Format Version 12.00
# Visual Studio Version 17
VisualStudioVersion = 17.12.35527.113
MinimumVisualStudioVersion = 10.0.40219.1
Project("{FAE04EC0-301F-11D3-BF4B-00C04F79EFBC}") = "Tickblaze.Scripts.Arc.Source", "Tickblaze.Scripts.Arc.Source\Tickblaze.Scripts.Arc.Source.csproj", "{71CCDB83-1D9C-46E0-81BE-E16F5739D177}"
EndProject
Project("{2150E333-8FDC-42A3-9474-1A3956D46DE8}") = "Solution Items", "Solution Items", "{BA8495CF-8452-4A12-8DB2-DDBED37B7BB6}"
	ProjectSection(SolutionItems) = preProject
		.editorconfig = .editorconfig
	EndProjectSection
EndProject
Project("{FAE04EC0-301F-11D3-BF4B-00C04F79EFBC}") = "Tickblaze.Scripts.Test", "Tickblaze.Scripts.Test\Tickblaze.Scripts.Test.csproj", "{98FCEE86-67EA-44F8-910C-E5B058F18EC9}"
EndProject
Project("{FAE04EC0-301F-11D3-BF4B-00C04F79EFBC}") = "Tickblaze.Test.Wpf", "Tickblaze.Test.Wpf\Tickblaze.Test.Wpf.csproj", "{3B3613EF-31B1-4110-96F7-702C6DE989B1}"
EndProject
Project("{2150E333-8FDC-42A3-9474-1A3956D46DE8}") = "Singletons", "Singletons", "{9A2EA5C2-55F4-4590-B5C1-179411956AE0}"
EndProject
Project("{FAE04EC0-301F-11D3-BF4B-00C04F79EFBC}") = "Community", "Community\Community.csproj", "{B2E278CE-79A4-3B1E-B234-1918CCA608FE}"
EndProject
Project("{FAE04EC0-301F-11D3-BF4B-00C04F79EFBC}") = "Common", "Common\Common.csproj", "{E15E491A-E872-91D8-DF7A-CA59C792F064}"
EndProject
Project("{FAE04EC0-301F-11D3-BF4B-00C04F79EFBC}") = "AtrTrailingStops", "Singletons\AtrTrailingStops\AtrTrailingStops.csproj", "{358AD573-4635-6E29-0272-B06D8570B5CF}"
EndProject
Project("{FAE04EC0-301F-11D3-BF4B-00C04F79EFBC}") = "BarCloseMarker", "Singletons\BarCloseMarker\BarCloseMarker.csproj", "{1FD48AF3-448F-AEA9-2B36-AF543B8DDC9E}"
EndProject
Project("{FAE04EC0-301F-11D3-BF4B-00C04F79EFBC}") = "BigRoundNumbers", "Singletons\BigRoundNumbers\BigRoundNumbers.csproj", "{A24EF59C-4479-63DD-2658-6FA3A1E17043}"
EndProject
Project("{FAE04EC0-301F-11D3-BF4B-00C04F79EFBC}") = "FairValueGaps", "Singletons\FairValueGaps\FairValueGaps.csproj", "{56245B8A-56E9-DCC5-D0EC-48C13D2759AF}"
EndProject
Project("{FAE04EC0-301F-11D3-BF4B-00C04F79EFBC}") = "GapFinder", "Singletons\GapFinder\GapFinder.csproj", "{FB22FD65-D6DC-F369-22E7-8A20E5CA8668}"
EndProject
Project("{FAE04EC0-301F-11D3-BF4B-00C04F79EFBC}") = "HtfAverages", "Singletons\HtfAverages\HtfAverages.csproj", "{A1C4C25D-EC48-D26D-59A1-F07AAA5955D6}"
EndProject
Project("{FAE04EC0-301F-11D3-BF4B-00C04F79EFBC}") = "LeadersAndLaggers", "Singletons\LeadersAndLaggers\LeadersAndLaggers.csproj", "{A08E3FD0-2C92-5DAE-3476-E29AF140C887}"
EndProject
Project("{FAE04EC0-301F-11D3-BF4B-00C04F79EFBC}") = "MtfFilter", "Singletons\MtfFilter\MtfFilter.csproj", "{5F47B1DD-99DA-87E0-F496-791E98AE0D62}"
EndProject
Project("{FAE04EC0-301F-11D3-BF4B-00C04F79EFBC}") = "SwingStructure", "Singletons\SwingStructure\SwingStructure.csproj", "{4F51E3D2-1A7E-8F90-C3DA-DC199C462ED5}"
EndProject
Project("{FAE04EC0-301F-11D3-BF4B-00C04F79EFBC}") = "VmLean", "Singletons\VmLean\VmLean.csproj", "{7D627997-3936-0279-3273-3810DFA5E6EF}"
EndProject
Global
	GlobalSection(SolutionConfigurationPlatforms) = preSolution
		Debug|Any CPU = Debug|Any CPU
		Release|Any CPU = Release|Any CPU
	EndGlobalSection
	GlobalSection(ProjectConfigurationPlatforms) = postSolution
		{71CCDB83-1D9C-46E0-81BE-E16F5739D177}.Debug|Any CPU.ActiveCfg = Debug|Any CPU
		{71CCDB83-1D9C-46E0-81BE-E16F5739D177}.Debug|Any CPU.Build.0 = Debug|Any CPU
		{71CCDB83-1D9C-46E0-81BE-E16F5739D177}.Release|Any CPU.ActiveCfg = Release|Any CPU
		{71CCDB83-1D9C-46E0-81BE-E16F5739D177}.Release|Any CPU.Build.0 = Release|Any CPU
		{98FCEE86-67EA-44F8-910C-E5B058F18EC9}.Debug|Any CPU.ActiveCfg = Debug|Any CPU
		{98FCEE86-67EA-44F8-910C-E5B058F18EC9}.Debug|Any CPU.Build.0 = Debug|Any CPU
		{98FCEE86-67EA-44F8-910C-E5B058F18EC9}.Release|Any CPU.ActiveCfg = Release|Any CPU
		{98FCEE86-67EA-44F8-910C-E5B058F18EC9}.Release|Any CPU.Build.0 = Release|Any CPU
		{3B3613EF-31B1-4110-96F7-702C6DE989B1}.Debug|Any CPU.ActiveCfg = Debug|Any CPU
		{3B3613EF-31B1-4110-96F7-702C6DE989B1}.Debug|Any CPU.Build.0 = Debug|Any CPU
		{3B3613EF-31B1-4110-96F7-702C6DE989B1}.Release|Any CPU.ActiveCfg = Release|Any CPU
		{3B3613EF-31B1-4110-96F7-702C6DE989B1}.Release|Any CPU.Build.0 = Release|Any CPU
		{B2E278CE-79A4-3B1E-B234-1918CCA608FE}.Debug|Any CPU.ActiveCfg = Debug|Any CPU
		{B2E278CE-79A4-3B1E-B234-1918CCA608FE}.Debug|Any CPU.Build.0 = Debug|Any CPU
		{B2E278CE-79A4-3B1E-B234-1918CCA608FE}.Release|Any CPU.ActiveCfg = Release|Any CPU
		{B2E278CE-79A4-3B1E-B234-1918CCA608FE}.Release|Any CPU.Build.0 = Release|Any CPU
		{E15E491A-E872-91D8-DF7A-CA59C792F064}.Debug|Any CPU.ActiveCfg = Debug|Any CPU
		{E15E491A-E872-91D8-DF7A-CA59C792F064}.Debug|Any CPU.Build.0 = Debug|Any CPU
		{E15E491A-E872-91D8-DF7A-CA59C792F064}.Release|Any CPU.ActiveCfg = Release|Any CPU
		{E15E491A-E872-91D8-DF7A-CA59C792F064}.Release|Any CPU.Build.0 = Release|Any CPU
		{358AD573-4635-6E29-0272-B06D8570B5CF}.Debug|Any CPU.ActiveCfg = Debug|Any CPU
		{358AD573-4635-6E29-0272-B06D8570B5CF}.Debug|Any CPU.Build.0 = Debug|Any CPU
		{358AD573-4635-6E29-0272-B06D8570B5CF}.Release|Any CPU.ActiveCfg = Release|Any CPU
		{358AD573-4635-6E29-0272-B06D8570B5CF}.Release|Any CPU.Build.0 = Release|Any CPU
		{1FD48AF3-448F-AEA9-2B36-AF543B8DDC9E}.Debug|Any CPU.ActiveCfg = Debug|Any CPU
		{1FD48AF3-448F-AEA9-2B36-AF543B8DDC9E}.Debug|Any CPU.Build.0 = Debug|Any CPU
		{1FD48AF3-448F-AEA9-2B36-AF543B8DDC9E}.Release|Any CPU.ActiveCfg = Release|Any CPU
		{1FD48AF3-448F-AEA9-2B36-AF543B8DDC9E}.Release|Any CPU.Build.0 = Release|Any CPU
		{A24EF59C-4479-63DD-2658-6FA3A1E17043}.Debug|Any CPU.ActiveCfg = Debug|Any CPU
		{A24EF59C-4479-63DD-2658-6FA3A1E17043}.Debug|Any CPU.Build.0 = Debug|Any CPU
		{A24EF59C-4479-63DD-2658-6FA3A1E17043}.Release|Any CPU.ActiveCfg = Release|Any CPU
		{A24EF59C-4479-63DD-2658-6FA3A1E17043}.Release|Any CPU.Build.0 = Release|Any CPU
		{56245B8A-56E9-DCC5-D0EC-48C13D2759AF}.Debug|Any CPU.ActiveCfg = Debug|Any CPU
		{56245B8A-56E9-DCC5-D0EC-48C13D2759AF}.Debug|Any CPU.Build.0 = Debug|Any CPU
		{56245B8A-56E9-DCC5-D0EC-48C13D2759AF}.Release|Any CPU.ActiveCfg = Release|Any CPU
		{56245B8A-56E9-DCC5-D0EC-48C13D2759AF}.Release|Any CPU.Build.0 = Release|Any CPU
		{FB22FD65-D6DC-F369-22E7-8A20E5CA8668}.Debug|Any CPU.ActiveCfg = Debug|Any CPU
		{FB22FD65-D6DC-F369-22E7-8A20E5CA8668}.Debug|Any CPU.Build.0 = Debug|Any CPU
		{FB22FD65-D6DC-F369-22E7-8A20E5CA8668}.Release|Any CPU.ActiveCfg = Release|Any CPU
		{FB22FD65-D6DC-F369-22E7-8A20E5CA8668}.Release|Any CPU.Build.0 = Release|Any CPU
		{A1C4C25D-EC48-D26D-59A1-F07AAA5955D6}.Debug|Any CPU.ActiveCfg = Debug|Any CPU
		{A1C4C25D-EC48-D26D-59A1-F07AAA5955D6}.Debug|Any CPU.Build.0 = Debug|Any CPU
		{A1C4C25D-EC48-D26D-59A1-F07AAA5955D6}.Release|Any CPU.ActiveCfg = Release|Any CPU
		{A1C4C25D-EC48-D26D-59A1-F07AAA5955D6}.Release|Any CPU.Build.0 = Release|Any CPU
		{A08E3FD0-2C92-5DAE-3476-E29AF140C887}.Debug|Any CPU.ActiveCfg = Debug|Any CPU
		{A08E3FD0-2C92-5DAE-3476-E29AF140C887}.Debug|Any CPU.Build.0 = Debug|Any CPU
		{A08E3FD0-2C92-5DAE-3476-E29AF140C887}.Release|Any CPU.ActiveCfg = Release|Any CPU
		{A08E3FD0-2C92-5DAE-3476-E29AF140C887}.Release|Any CPU.Build.0 = Release|Any CPU
		{5F47B1DD-99DA-87E0-F496-791E98AE0D62}.Debug|Any CPU.ActiveCfg = Debug|Any CPU
		{5F47B1DD-99DA-87E0-F496-791E98AE0D62}.Debug|Any CPU.Build.0 = Debug|Any CPU
		{5F47B1DD-99DA-87E0-F496-791E98AE0D62}.Release|Any CPU.ActiveCfg = Release|Any CPU
		{5F47B1DD-99DA-87E0-F496-791E98AE0D62}.Release|Any CPU.Build.0 = Release|Any CPU
		{4F51E3D2-1A7E-8F90-C3DA-DC199C462ED5}.Debug|Any CPU.ActiveCfg = Debug|Any CPU
		{4F51E3D2-1A7E-8F90-C3DA-DC199C462ED5}.Debug|Any CPU.Build.0 = Debug|Any CPU
		{4F51E3D2-1A7E-8F90-C3DA-DC199C462ED5}.Release|Any CPU.ActiveCfg = Release|Any CPU
		{4F51E3D2-1A7E-8F90-C3DA-DC199C462ED5}.Release|Any CPU.Build.0 = Release|Any CPU
		{7D627997-3936-0279-3273-3810DFA5E6EF}.Debug|Any CPU.ActiveCfg = Debug|Any CPU
		{7D627997-3936-0279-3273-3810DFA5E6EF}.Debug|Any CPU.Build.0 = Debug|Any CPU
		{7D627997-3936-0279-3273-3810DFA5E6EF}.Release|Any CPU.ActiveCfg = Release|Any CPU
		{7D627997-3936-0279-3273-3810DFA5E6EF}.Release|Any CPU.Build.0 = Release|Any CPU
	EndGlobalSection
	GlobalSection(SolutionProperties) = preSolution
		HideSolutionNode = FALSE
	EndGlobalSection
	GlobalSection(NestedProjects) = preSolution
		{358AD573-4635-6E29-0272-B06D8570B5CF} = {9A2EA5C2-55F4-4590-B5C1-179411956AE0}
		{1FD48AF3-448F-AEA9-2B36-AF543B8DDC9E} = {9A2EA5C2-55F4-4590-B5C1-179411956AE0}
		{A24EF59C-4479-63DD-2658-6FA3A1E17043} = {9A2EA5C2-55F4-4590-B5C1-179411956AE0}
		{56245B8A-56E9-DCC5-D0EC-48C13D2759AF} = {9A2EA5C2-55F4-4590-B5C1-179411956AE0}
		{FB22FD65-D6DC-F369-22E7-8A20E5CA8668} = {9A2EA5C2-55F4-4590-B5C1-179411956AE0}
		{A1C4C25D-EC48-D26D-59A1-F07AAA5955D6} = {9A2EA5C2-55F4-4590-B5C1-179411956AE0}
		{A08E3FD0-2C92-5DAE-3476-E29AF140C887} = {9A2EA5C2-55F4-4590-B5C1-179411956AE0}
		{5F47B1DD-99DA-87E0-F496-791E98AE0D62} = {9A2EA5C2-55F4-4590-B5C1-179411956AE0}
		{4F51E3D2-1A7E-8F90-C3DA-DC199C462ED5} = {9A2EA5C2-55F4-4590-B5C1-179411956AE0}
		{7D627997-3936-0279-3273-3810DFA5E6EF} = {9A2EA5C2-55F4-4590-B5C1-179411956AE0}
	EndGlobalSection
	GlobalSection(ExtensibilityGlobals) = postSolution
		SolutionGuid = {D856AF2D-3252-4B4B-B5F8-12DA1B58577F}
	EndGlobalSection
EndGlobal
